
Microsoft Visual Studio Solution File, Format Version 12.00
# Visual Studio 15
VisualStudioVersion = 15.0.28307.645
MinimumVisualStudioVersion = 10.0.40219.1
Project("{FAE04EC0-301F-11D3-BF4B-00C04F79EFBC}") = "Web_backhand", "Web_backhand\Web_backhand.csproj", "{A6B476F7-79FC-4FA5-A319-B23CC20A8777}"
EndProject
Global
	GlobalSection(SolutionConfigurationPlatforms) = preSolution
		Debug|Any CPU = Debug|Any CPU
		Release|Any CPU = Release|Any CPU
	EndGlobalSection
	GlobalSection(ProjectConfigurationPlatforms) = postSolution
		{A6B476F7-79FC-4FA5-A319-B23CC20A8777}.Debug|Any CPU.ActiveCfg = Debug|Any CPU
		{A6B476F7-79FC-4FA5-A319-B23CC20A8777}.Debug|Any CPU.Build.0 = Debug|Any CPU
		{A6B476F7-79FC-4FA5-A319-B23CC20A8777}.Release|Any CPU.ActiveCfg = Release|Any CPU
		{A6B476F7-79FC-4FA5-A319-B23CC20A8777}.Release|Any CPU.Build.0 = Release|Any CPU
	EndGlobalSection
	GlobalSection(SolutionProperties) = preSolution
		HideSolutionNode = FALSE
	EndGlobalSection
	GlobalSection(ExtensibilityGlobals) = postSolution
		SolutionGuid = {C47188CA-1124-42F2-B8A3-9E6C1C143145}
	EndGlobalSection
EndGlobal
